// !$*UTF8*$!
{
	archiveVersion = 1;
	classes = {
	};
	objectVersion = 50;
	objects = {

/* Begin PBXBuildFile section */
		07BD25C725D43FB500CF812E /* AppDelegate.swift in Sources */ = {isa = PBXBuildFile; fileRef = 07BD25C625D43FB500CF812E /* AppDelegate.swift */; };
		07BD25C925D43FB500CF812E /* SceneDelegate.swift in Sources */ = {isa = PBXBuildFile; fileRef = 07BD25C825D43FB500CF812E /* SceneDelegate.swift */; };
		07BD25CB25D43FB500CF812E /* InteractiveCanvasViewController.swift in Sources */ = {isa = PBXBuildFile; fileRef = 07BD25CA25D43FB500CF812E /* InteractiveCanvasViewController.swift */; };
		07BD25CE25D43FB500CF812E /* Main.storyboard in Resources */ = {isa = PBXBuildFile; fileRef = 07BD25CC25D43FB500CF812E /* Main.storyboard */; };
		07BD25D125D43FB500CF812E /* LiquidOceanIOS.xcdatamodeld in Sources */ = {isa = PBXBuildFile; fileRef = 07BD25CF25D43FB500CF812E /* LiquidOceanIOS.xcdatamodeld */; };
		07BD25D325D43FB700CF812E /* Assets.xcassets in Resources */ = {isa = PBXBuildFile; fileRef = 07BD25D225D43FB700CF812E /* Assets.xcassets */; };
		07BD25D625D43FB700CF812E /* LaunchScreen.storyboard in Resources */ = {isa = PBXBuildFile; fileRef = 07BD25D425D43FB700CF812E /* LaunchScreen.storyboard */; };
		07BD25E125D43FB700CF812E /* LiquidOceanIOSTests.swift in Sources */ = {isa = PBXBuildFile; fileRef = 07BD25E025D43FB700CF812E /* LiquidOceanIOSTests.swift */; };
		07BD25ED25D440DD00CF812E /* InteractiveCanvasView.swift in Sources */ = {isa = PBXBuildFile; fileRef = 07BD25EC25D440DD00CF812E /* InteractiveCanvasView.swift */; };
		07BD25F025D4461400CF812E /* InteractiveCanvas.swift in Sources */ = {isa = PBXBuildFile; fileRef = 07BD25EF25D4461400CF812E /* InteractiveCanvas.swift */; };
/* End PBXBuildFile section */

/* Begin PBXContainerItemProxy section */
		07BD25DD25D43FB700CF812E /* PBXContainerItemProxy */ = {
			isa = PBXContainerItemProxy;
			containerPortal = 07BD25BB25D43FB500CF812E /* Project object */;
			proxyType = 1;
			remoteGlobalIDString = 07BD25C225D43FB500CF812E;
			remoteInfo = LiquidOceanIOS;
		};
/* End PBXContainerItemProxy section */

/* Begin PBXFileReference section */
		07BD25C325D43FB500CF812E /* LiquidOceanIOS.app */ = {isa = PBXFileReference; explicitFileType = wrapper.application; includeInIndex = 0; path = LiquidOceanIOS.app; sourceTree = BUILT_PRODUCTS_DIR; };
		07BD25C625D43FB500CF812E /* AppDelegate.swift */ = {isa = PBXFileReference; lastKnownFileType = sourcecode.swift; path = AppDelegate.swift; sourceTree = "<group>"; };
		07BD25C825D43FB500CF812E /* SceneDelegate.swift */ = {isa = PBXFileReference; lastKnownFileType = sourcecode.swift; path = SceneDelegate.swift; sourceTree = "<group>"; };
		07BD25CA25D43FB500CF812E /* InteractiveCanvasViewController.swift */ = {isa = PBXFileReference; lastKnownFileType = sourcecode.swift; path = InteractiveCanvasViewController.swift; sourceTree = "<group>"; };
		07BD25CD25D43FB500CF812E /* Base */ = {isa = PBXFileReference; lastKnownFileType = file.storyboard; name = Base; path = Base.lproj/Main.storyboard; sourceTree = "<group>"; };
		07BD25D025D43FB500CF812E /* LiquidOceanIOS.xcdatamodel */ = {isa = PBXFileReference; lastKnownFileType = wrapper.xcdatamodel; path = LiquidOceanIOS.xcdatamodel; sourceTree = "<group>"; };
		07BD25D225D43FB700CF812E /* Assets.xcassets */ = {isa = PBXFileReference; lastKnownFileType = folder.assetcatalog; path = Assets.xcassets; sourceTree = "<group>"; };
		07BD25D525D43FB700CF812E /* Base */ = {isa = PBXFileReference; lastKnownFileType = file.storyboard; name = Base; path = Base.lproj/LaunchScreen.storyboard; sourceTree = "<group>"; };
		07BD25D725D43FB700CF812E /* Info.plist */ = {isa = PBXFileReference; lastKnownFileType = text.plist.xml; path = Info.plist; sourceTree = "<group>"; };
		07BD25DC25D43FB700CF812E /* LiquidOceanIOSTests.xctest */ = {isa = PBXFileReference; explicitFileType = wrapper.cfbundle; includeInIndex = 0; path = LiquidOceanIOSTests.xctest; sourceTree = BUILT_PRODUCTS_DIR; };
		07BD25E025D43FB700CF812E /* LiquidOceanIOSTests.swift */ = {isa = PBXFileReference; lastKnownFileType = sourcecode.swift; path = LiquidOceanIOSTests.swift; sourceTree = "<group>"; };
		07BD25E225D43FB700CF812E /* Info.plist */ = {isa = PBXFileReference; lastKnownFileType = text.plist.xml; path = Info.plist; sourceTree = "<group>"; };
		07BD25EC25D440DD00CF812E /* InteractiveCanvasView.swift */ = {isa = PBXFileReference; lastKnownFileType = sourcecode.swift; path = InteractiveCanvasView.swift; sourceTree = "<group>"; };
		07BD25EF25D4461400CF812E /* InteractiveCanvas.swift */ = {isa = PBXFileReference; lastKnownFileType = sourcecode.swift; path = InteractiveCanvas.swift; sourceTree = "<group>"; };
/* End PBXFileReference section */

/* Begin PBXFrameworksBuildPhase section */
		07BD25C025D43FB500CF812E /* Frameworks */ = {
			isa = PBXFrameworksBuildPhase;
			buildActionMask = 2147483647;
			files = (
			);
			runOnlyForDeploymentPostprocessing = 0;
		};
		07BD25D925D43FB700CF812E /* Frameworks */ = {
			isa = PBXFrameworksBuildPhase;
			buildActionMask = 2147483647;
			files = (
			);
			runOnlyForDeploymentPostprocessing = 0;
		};
/* End PBXFrameworksBuildPhase section */

/* Begin PBXGroup section */
		07BD25BA25D43FB500CF812E = {
			isa = PBXGroup;
			children = (
				07BD25C525D43FB500CF812E /* LiquidOceanIOS */,
				07BD25DF25D43FB700CF812E /* LiquidOceanIOSTests */,
				07BD25C425D43FB500CF812E /* Products */,
			);
			sourceTree = "<group>";
		};
		07BD25C425D43FB500CF812E /* Products */ = {
			isa = PBXGroup;
			children = (
				07BD25C325D43FB500CF812E /* LiquidOceanIOS.app */,
				07BD25DC25D43FB700CF812E /* LiquidOceanIOSTests.xctest */,
			);
			name = Products;
			sourceTree = "<group>";
		};
		07BD25C525D43FB500CF812E /* LiquidOceanIOS */ = {
			isa = PBXGroup;
			children = (
				07BD25EE25D445E300CF812E /* Model */,
				07BD25EB25D440CA00CF812E /* View */,
				07BD25C625D43FB500CF812E /* AppDelegate.swift */,
				07BD25C825D43FB500CF812E /* SceneDelegate.swift */,
				07BD25CA25D43FB500CF812E /* InteractiveCanvasViewController.swift */,
				07BD25CC25D43FB500CF812E /* Main.storyboard */,
				07BD25D225D43FB700CF812E /* Assets.xcassets */,
				07BD25D425D43FB700CF812E /* LaunchScreen.storyboard */,
				07BD25D725D43FB700CF812E /* Info.plist */,
				07BD25CF25D43FB500CF812E /* LiquidOceanIOS.xcdatamodeld */,
			);
			path = LiquidOceanIOS;
			sourceTree = "<group>";
		};
		07BD25DF25D43FB700CF812E /* LiquidOceanIOSTests */ = {
			isa = PBXGroup;
			children = (
				07BD25E025D43FB700CF812E /* LiquidOceanIOSTests.swift */,
				07BD25E225D43FB700CF812E /* Info.plist */,
			);
			path = LiquidOceanIOSTests;
			sourceTree = "<group>";
		};
		07BD25EB25D440CA00CF812E /* View */ = {
			isa = PBXGroup;
			children = (
				07BD25EC25D440DD00CF812E /* InteractiveCanvasView.swift */,
			);
			path = View;
			sourceTree = "<group>";
		};
		07BD25EE25D445E300CF812E /* Model */ = {
			isa = PBXGroup;
			children = (
				07BD25EF25D4461400CF812E /* InteractiveCanvas.swift */,
			);
			path = Model;
			sourceTree = "<group>";
		};
/* End PBXGroup section */

/* Begin PBXNativeTarget section */
		07BD25C225D43FB500CF812E /* LiquidOceanIOS */ = {
			isa = PBXNativeTarget;
			buildConfigurationList = 07BD25E525D43FB700CF812E /* Build configuration list for PBXNativeTarget "LiquidOceanIOS" */;
			buildPhases = (
				07BD25BF25D43FB500CF812E /* Sources */,
				07BD25C025D43FB500CF812E /* Frameworks */,
				07BD25C125D43FB500CF812E /* Resources */,
			);
			buildRules = (
			);
			dependencies = (
			);
			name = LiquidOceanIOS;
			productName = LiquidOceanIOS;
			productReference = 07BD25C325D43FB500CF812E /* LiquidOceanIOS.app */;
			productType = "com.apple.product-type.application";
		};
		07BD25DB25D43FB700CF812E /* LiquidOceanIOSTests */ = {
			isa = PBXNativeTarget;
			buildConfigurationList = 07BD25E825D43FB700CF812E /* Build configuration list for PBXNativeTarget "LiquidOceanIOSTests" */;
			buildPhases = (
				07BD25D825D43FB700CF812E /* Sources */,
				07BD25D925D43FB700CF812E /* Frameworks */,
				07BD25DA25D43FB700CF812E /* Resources */,
			);
			buildRules = (
			);
			dependencies = (
				07BD25DE25D43FB700CF812E /* PBXTargetDependency */,
			);
			name = LiquidOceanIOSTests;
			productName = LiquidOceanIOSTests;
			productReference = 07BD25DC25D43FB700CF812E /* LiquidOceanIOSTests.xctest */;
			productType = "com.apple.product-type.bundle.unit-test";
		};
/* End PBXNativeTarget section */

/* Begin PBXProject section */
		07BD25BB25D43FB500CF812E /* Project object */ = {
			isa = PBXProject;
			attributes = {
				LastSwiftUpdateCheck = 1170;
				LastUpgradeCheck = 1170;
				ORGANIZATIONNAME = "Eric Versteeg";
				TargetAttributes = {
					07BD25C225D43FB500CF812E = {
						CreatedOnToolsVersion = 11.7;
					};
					07BD25DB25D43FB700CF812E = {
						CreatedOnToolsVersion = 11.7;
						TestTargetID = 07BD25C225D43FB500CF812E;
					};
				};
			};
			buildConfigurationList = 07BD25BE25D43FB500CF812E /* Build configuration list for PBXProject "LiquidOceanIOS" */;
			compatibilityVersion = "Xcode 9.3";
			developmentRegion = en;
			hasScannedForEncodings = 0;
			knownRegions = (
				en,
				Base,
			);
			mainGroup = 07BD25BA25D43FB500CF812E;
			productRefGroup = 07BD25C425D43FB500CF812E /* Products */;
			projectDirPath = "";
			projectRoot = "";
			targets = (
				07BD25C225D43FB500CF812E /* LiquidOceanIOS */,
				07BD25DB25D43FB700CF812E /* LiquidOceanIOSTests */,
			);
		};
/* End PBXProject section */

/* Begin PBXResourcesBuildPhase section */
		07BD25C125D43FB500CF812E /* Resources */ = {
			isa = PBXResourcesBuildPhase;
			buildActionMask = 2147483647;
			files = (
				07BD25D625D43FB700CF812E /* LaunchScreen.storyboard in Resources */,
				07BD25D325D43FB700CF812E /* Assets.xcassets in Resources */,
				07BD25CE25D43FB500CF812E /* Main.storyboard in Resources */,
			);
			runOnlyForDeploymentPostprocessing = 0;
		};
		07BD25DA25D43FB700CF812E /* Resources */ = {
			isa = PBXResourcesBuildPhase;
			buildActionMask = 2147483647;
			files = (
			);
			runOnlyForDeploymentPostprocessing = 0;
		};
/* End PBXResourcesBuildPhase section */

/* Begin PBXSourcesBuildPhase section */
		07BD25BF25D43FB500CF812E /* Sources */ = {
			isa = PBXSourcesBuildPhase;
			buildActionMask = 2147483647;
			files = (
				07BD25F025D4461400CF812E /* InteractiveCanvas.swift in Sources */,
				07BD25ED25D440DD00CF812E /* InteractiveCanvasView.swift in Sources */,
				07BD25D125D43FB500CF812E /* LiquidOceanIOS.xcdatamodeld in Sources */,
				07BD25CB25D43FB500CF812E /* InteractiveCanvasViewController.swift in Sources */,
				07BD25C725D43FB500CF812E /* AppDelegate.swift in Sources */,
				07BD25C925D43FB500CF812E /* SceneDelegate.swift in Sources */,
			);
			runOnlyForDeploymentPostprocessing = 0;
		};
		07BD25D825D43FB700CF812E /* Sources */ = {
			isa = PBXSourcesBuildPhase;
			buildActionMask = 2147483647;
			files = (
				07BD25E125D43FB700CF812E /* LiquidOceanIOSTests.swift in Sources */,
			);
			runOnlyForDeploymentPostprocessing = 0;
		};
/* End PBXSourcesBuildPhase section */

/* Begin PBXTargetDependency section */
		07BD25DE25D43FB700CF812E /* PBXTargetDependency */ = {
			isa = PBXTargetDependency;
			target = 07BD25C225D43FB500CF812E /* LiquidOceanIOS */;
			targetProxy = 07BD25DD25D43FB700CF812E /* PBXContainerItemProxy */;
		};
/* End PBXTargetDependency section */

/* Begin PBXVariantGroup section */
		07BD25CC25D43FB500CF812E /* Main.storyboard */ = {
			isa = PBXVariantGroup;
			children = (
				07BD25CD25D43FB500CF812E /* Base */,
			);
			name = Main.storyboard;
			sourceTree = "<group>";
		};
		07BD25D425D43FB700CF812E /* LaunchScreen.storyboard */ = {
			isa = PBXVariantGroup;
			children = (
				07BD25D525D43FB700CF812E /* Base */,
			);
			name = LaunchScreen.storyboard;
			sourceTree = "<group>";
		};
/* End PBXVariantGroup section */

/* Begin XCBuildConfiguration section */
		07BD25E325D43FB700CF812E /* Debug */ = {
			isa = XCBuildConfiguration;
			buildSettings = {
				ALWAYS_SEARCH_USER_PATHS = NO;
				CLANG_ANALYZER_NONNULL = YES;
				CLANG_ANALYZER_NUMBER_OBJECT_CONVERSION = YES_AGGRESSIVE;
				CLANG_CXX_LANGUAGE_STANDARD = "gnu++14";
				CLANG_CXX_LIBRARY = "libc++";
				CLANG_ENABLE_MODULES = YES;
				CLANG_ENABLE_OBJC_ARC = YES;
				CLANG_ENABLE_OBJC_WEAK = YES;
				CLANG_WARN_BLOCK_CAPTURE_AUTORELEASING = YES;
				CLANG_WARN_BOOL_CONVERSION = YES;
				CLANG_WARN_COMMA = YES;
				CLANG_WARN_CONSTANT_CONVERSION = YES;
				CLANG_WARN_DEPRECATED_OBJC_IMPLEMENTATIONS = YES;
				CLANG_WARN_DIRECT_OBJC_ISA_USAGE = YES_ERROR;
				CLANG_WARN_DOCUMENTATION_COMMENTS = YES;
				CLANG_WARN_EMPTY_BODY = YES;
				CLANG_WARN_ENUM_CONVERSION = YES;
				CLANG_WARN_INFINITE_RECURSION = YES;
				CLANG_WARN_INT_CONVERSION = YES;
				CLANG_WARN_NON_LITERAL_NULL_CONVERSION = YES;
				CLANG_WARN_OBJC_IMPLICIT_RETAIN_SELF = YES;
				CLANG_WARN_OBJC_LITERAL_CONVERSION = YES;
				CLANG_WARN_OBJC_ROOT_CLASS = YES_ERROR;
				CLANG_WARN_RANGE_LOOP_ANALYSIS = YES;
				CLANG_WARN_STRICT_PROTOTYPES = YES;
				CLANG_WARN_SUSPICIOUS_MOVE = YES;
				CLANG_WARN_UNGUARDED_AVAILABILITY = YES_AGGRESSIVE;
				CLANG_WARN_UNREACHABLE_CODE = YES;
				CLANG_WARN__DUPLICATE_METHOD_MATCH = YES;
				COPY_PHASE_STRIP = NO;
				DEBUG_INFORMATION_FORMAT = dwarf;
				ENABLE_STRICT_OBJC_MSGSEND = YES;
				ENABLE_TESTABILITY = YES;
				GCC_C_LANGUAGE_STANDARD = gnu11;
				GCC_DYNAMIC_NO_PIC = NO;
				GCC_NO_COMMON_BLOCKS = YES;
				GCC_OPTIMIZATION_LEVEL = 0;
				GCC_PREPROCESSOR_DEFINITIONS = (
					"DEBUG=1",
					"$(inherited)",
				);
				GCC_WARN_64_TO_32_BIT_CONVERSION = YES;
				GCC_WARN_ABOUT_RETURN_TYPE = YES_ERROR;
				GCC_WARN_UNDECLARED_SELECTOR = YES;
				GCC_WARN_UNINITIALIZED_AUTOS = YES_AGGRESSIVE;
				GCC_WARN_UNUSED_FUNCTION = YES;
				GCC_WARN_UNUSED_VARIABLE = YES;
				IPHONEOS_DEPLOYMENT_TARGET = 13.7;
				MTL_ENABLE_DEBUG_INFO = INCLUDE_SOURCE;
				MTL_FAST_MATH = YES;
				ONLY_ACTIVE_ARCH = YES;
				SDKROOT = iphoneos;
				SWIFT_ACTIVE_COMPILATION_CONDITIONS = DEBUG;
				SWIFT_OPTIMIZATION_LEVEL = "-Onone";
			};
			name = Debug;
		};
		07BD25E425D43FB700CF812E /* Release */ = {
			isa = XCBuildConfiguration;
			buildSettings = {
				ALWAYS_SEARCH_USER_PATHS = NO;
				CLANG_ANALYZER_NONNULL = YES;
				CLANG_ANALYZER_NUMBER_OBJECT_CONVERSION = YES_AGGRESSIVE;
				CLANG_CXX_LANGUAGE_STANDARD = "gnu++14";
				CLANG_CXX_LIBRARY = "libc++";
				CLANG_ENABLE_MODULES = YES;
				CLANG_ENABLE_OBJC_ARC = YES;
				CLANG_ENABLE_OBJC_WEAK = YES;
				CLANG_WARN_BLOCK_CAPTURE_AUTORELEASING = YES;
				CLANG_WARN_BOOL_CONVERSION = YES;
				CLANG_WARN_COMMA = YES;
				CLANG_WARN_CONSTANT_CONVERSION = YES;
				CLANG_WARN_DEPRECATED_OBJC_IMPLEMENTATIONS = YES;
				CLANG_WARN_DIRECT_OBJC_ISA_USAGE = YES_ERROR;
				CLANG_WARN_DOCUMENTATION_COMMENTS = YES;
				CLANG_WARN_EMPTY_BODY = YES;
				CLANG_WARN_ENUM_CONVERSION = YES;
				CLANG_WARN_INFINITE_RECURSION = YES;
				CLANG_WARN_INT_CONVERSION = YES;
				CLANG_WARN_NON_LITERAL_NULL_CONVERSION = YES;
				CLANG_WARN_OBJC_IMPLICIT_RETAIN_SELF = YES;
				CLANG_WARN_OBJC_LITERAL_CONVERSION = YES;
				CLANG_WARN_OBJC_ROOT_CLASS = YES_ERROR;
				CLANG_WARN_RANGE_LOOP_ANALYSIS = YES;
				CLANG_WARN_STRICT_PROTOTYPES = YES;
				CLANG_WARN_SUSPICIOUS_MOVE = YES;
				CLANG_WARN_UNGUARDED_AVAILABILITY = YES_AGGRESSIVE;
				CLANG_WARN_UNREACHABLE_CODE = YES;
				CLANG_WARN__DUPLICATE_METHOD_MATCH = YES;
				COPY_PHASE_STRIP = NO;
				DEBUG_INFORMATION_FORMAT = "dwarf-with-dsym";
				ENABLE_NS_ASSERTIONS = NO;
				ENABLE_STRICT_OBJC_MSGSEND = YES;
				GCC_C_LANGUAGE_STANDARD = gnu11;
				GCC_NO_COMMON_BLOCKS = YES;
				GCC_WARN_64_TO_32_BIT_CONVERSION = YES;
				GCC_WARN_ABOUT_RETURN_TYPE = YES_ERROR;
				GCC_WARN_UNDECLARED_SELECTOR = YES;
				GCC_WARN_UNINITIALIZED_AUTOS = YES_AGGRESSIVE;
				GCC_WARN_UNUSED_FUNCTION = YES;
				GCC_WARN_UNUSED_VARIABLE = YES;
				IPHONEOS_DEPLOYMENT_TARGET = 13.7;
				MTL_ENABLE_DEBUG_INFO = NO;
				MTL_FAST_MATH = YES;
				SDKROOT = iphoneos;
				SWIFT_COMPILATION_MODE = wholemodule;
				SWIFT_OPTIMIZATION_LEVEL = "-O";
				VALIDATE_PRODUCT = YES;
			};
			name = Release;
		};
		07BD25E625D43FB700CF812E /* Debug */ = {
			isa = XCBuildConfiguration;
			buildSettings = {
				ASSETCATALOG_COMPILER_APPICON_NAME = AppIcon;
				CODE_SIGN_STYLE = Automatic;
				INFOPLIST_FILE = LiquidOceanIOS/Info.plist;
				LD_RUNPATH_SEARCH_PATHS = (
					"$(inherited)",
					"@executable_path/Frameworks",
				);
				PRODUCT_BUNDLE_IDENTIFIER = com.ericversteeg.liquidocean.LiquidOceanIOS;
				PRODUCT_NAME = "$(TARGET_NAME)";
				SWIFT_VERSION = 5.0;
				TARGETED_DEVICE_FAMILY = "1,2";
			};
			name = Debug;
		};
		07BD25E725D43FB700CF812E /* Release */ = {
			isa = XCBuildConfiguration;
			buildSettings = {
				ASSETCATALOG_COMPILER_APPICON_NAME = AppIcon;
				CODE_SIGN_STYLE = Automatic;
				INFOPLIST_FILE = LiquidOceanIOS/Info.plist;
				LD_RUNPATH_SEARCH_PATHS = (
					"$(inherited)",
					"@executable_path/Frameworks",
				);
				PRODUCT_BUNDLE_IDENTIFIER = com.ericversteeg.liquidocean.LiquidOceanIOS;
				PRODUCT_NAME = "$(TARGET_NAME)";
				SWIFT_VERSION = 5.0;
				TARGETED_DEVICE_FAMILY = "1,2";
			};
			name = Release;
		};
		07BD25E925D43FB700CF812E /* Debug */ = {
			isa = XCBuildConfiguration;
			buildSettings = {
				ALWAYS_EMBED_SWIFT_STANDARD_LIBRARIES = YES;
				BUNDLE_LOADER = "$(TEST_HOST)";
				CODE_SIGN_STYLE = Automatic;
				INFOPLIST_FILE = LiquidOceanIOSTests/Info.plist;
				IPHONEOS_DEPLOYMENT_TARGET = 13.7;
				LD_RUNPATH_SEARCH_PATHS = (
					"$(inherited)",
					"@executable_path/Frameworks",
					"@loader_path/Frameworks",
				);
				PRODUCT_BUNDLE_IDENTIFIER = com.ericversteeg.liquidocean.LiquidOceanIOSTests;
				PRODUCT_NAME = "$(TARGET_NAME)";
				SWIFT_VERSION = 5.0;
				TARGETED_DEVICE_FAMILY = "1,2";
				TEST_HOST = "$(BUILT_PRODUCTS_DIR)/LiquidOceanIOS.app/LiquidOceanIOS";
			};
			name = Debug;
		};
		07BD25EA25D43FB700CF812E /* Release */ = {
			isa = XCBuildConfiguration;
			buildSettings = {
				ALWAYS_EMBED_SWIFT_STANDARD_LIBRARIES = YES;
				BUNDLE_LOADER = "$(TEST_HOST)";
				CODE_SIGN_STYLE = Automatic;
				INFOPLIST_FILE = LiquidOceanIOSTests/Info.plist;
				IPHONEOS_DEPLOYMENT_TARGET = 13.7;
				LD_RUNPATH_SEARCH_PATHS = (
					"$(inherited)",
					"@executable_path/Frameworks",
					"@loader_path/Frameworks",
				);
				PRODUCT_BUNDLE_IDENTIFIER = com.ericversteeg.liquidocean.LiquidOceanIOSTests;
				PRODUCT_NAME = "$(TARGET_NAME)";
				SWIFT_VERSION = 5.0;
				TARGETED_DEVICE_FAMILY = "1,2";
				TEST_HOST = "$(BUILT_PRODUCTS_DIR)/LiquidOceanIOS.app/LiquidOceanIOS";
			};
			name = Release;
		};
/* End XCBuildConfiguration section */

/* Begin XCConfigurationList section */
		07BD25BE25D43FB500CF812E /* Build configuration list for PBXProject "LiquidOceanIOS" */ = {
			isa = XCConfigurationList;
			buildConfigurations = (
				07BD25E325D43FB700CF812E /* Debug */,
				07BD25E425D43FB700CF812E /* Release */,
			);
			defaultConfigurationIsVisible = 0;
			defaultConfigurationName = Release;
		};
		07BD25E525D43FB700CF812E /* Build configuration list for PBXNativeTarget "LiquidOceanIOS" */ = {
			isa = XCConfigurationList;
			buildConfigurations = (
				07BD25E625D43FB700CF812E /* Debug */,
				07BD25E725D43FB700CF812E /* Release */,
			);
			defaultConfigurationIsVisible = 0;
			defaultConfigurationName = Release;
		};
		07BD25E825D43FB700CF812E /* Build configuration list for PBXNativeTarget "LiquidOceanIOSTests" */ = {
			isa = XCConfigurationList;
			buildConfigurations = (
				07BD25E925D43FB700CF812E /* Debug */,
				07BD25EA25D43FB700CF812E /* Release */,
			);
			defaultConfigurationIsVisible = 0;
			defaultConfigurationName = Release;
		};
/* End XCConfigurationList section */

/* Begin XCVersionGroup section */
		07BD25CF25D43FB500CF812E /* LiquidOceanIOS.xcdatamodeld */ = {
			isa = XCVersionGroup;
			children = (
				07BD25D025D43FB500CF812E /* LiquidOceanIOS.xcdatamodel */,
			);
			currentVersion = 07BD25D025D43FB500CF812E /* LiquidOceanIOS.xcdatamodel */;
			path = LiquidOceanIOS.xcdatamodeld;
			sourceTree = "<group>";
			versionGroupType = wrapper.xcdatamodel;
		};
/* End XCVersionGroup section */
	};
	rootObject = 07BD25BB25D43FB500CF812E /* Project object */;
}
